
Microsoft Visual Studio Solution File, Format Version 12.00
# Visual Studio Version 17
VisualStudioVersion = 17.2.32630.192
MinimumVisualStudioVersion = 10.0.40219.1
Project("{FAE04EC0-301F-11D3-BF4B-00C04F79EFBC}") = "CSharp_Study", "CSharp_Study\CSharp_Study.csproj", "{4E91725D-30A8-4675-9943-CF5E65C52FFE}"
EndProject
Global
	GlobalSection(SolutionConfigurationPlatforms) = preSolution
		Debug|Any CPU = Debug|Any CPU
		Release|Any CPU = Release|Any CPU
	EndGlobalSection
	GlobalSection(ProjectConfigurationPlatforms) = postSolution
		{4E91725D-30A8-4675-9943-CF5E65C52FFE}.Debug|Any CPU.ActiveCfg = Debug|Any CPU
		{4E91725D-30A8-4675-9943-CF5E65C52FFE}.Debug|Any CPU.Build.0 = Debug|Any CPU
		{4E91725D-30A8-4675-9943-CF5E65C52FFE}.Release|Any CPU.ActiveCfg = Release|Any CPU
		{4E91725D-30A8-4675-9943-CF5E65C52FFE}.Release|Any CPU.Build.0 = Release|Any CPU
	EndGlobalSection
	GlobalSection(SolutionProperties) = preSolution
		HideSolutionNode = FALSE
	EndGlobalSection
	GlobalSection(ExtensibilityGlobals) = postSolution
		SolutionGuid = {6B8FFF47-53DC-4B49-A35E-E4249E9845A8}
	EndGlobalSection
EndGlobal
